
Microsoft Visual Studio Solution File, Format Version 12.00
# Visual Studio Version 17
VisualStudioVersion = 17.8.34601.278
MinimumVisualStudioVersion = 10.0.40219.1
Project("{FAE04EC0-301F-11D3-BF4B-00C04F79EFBC}") = "ProgreesBar", "ProgreesBar\ProgreesBar.csproj", "{F1E52939-ED26-4E27-B8B1-0FA8B84DB6E7}"
EndProject
Global
	GlobalSection(SolutionConfigurationPlatforms) = preSolution
		Debug|Any CPU = Debug|Any CPU
		Release|Any CPU = Release|Any CPU
	EndGlobalSection
	GlobalSection(ProjectConfigurationPlatforms) = postSolution
		{F1E52939-ED26-4E27-B8B1-0FA8B84DB6E7}.Debug|Any CPU.ActiveCfg = Debug|Any CPU
		{F1E52939-ED26-4E27-B8B1-0FA8B84DB6E7}.Debug|Any CPU.Build.0 = Debug|Any CPU
		{F1E52939-ED26-4E27-B8B1-0FA8B84DB6E7}.Release|Any CPU.ActiveCfg = Release|Any CPU
		{F1E52939-ED26-4E27-B8B1-0FA8B84DB6E7}.Release|Any CPU.Build.0 = Release|Any CPU
	EndGlobalSection
	GlobalSection(SolutionProperties) = preSolution
		HideSolutionNode = FALSE
	EndGlobalSection
	GlobalSection(ExtensibilityGlobals) = postSolution
		SolutionGuid = {7AE5A271-86B8-4C7C-AE4E-7427F1F02D0F}
	EndGlobalSection
EndGlobal
